
Microsoft Visual Studio Solution File, Format Version 12.00
# Visual Studio 2012
Project("{FAE04EC0-301F-11D3-BF4B-00C04F79EFBC}") = "FormCollection", "FormCollection\FormCollection.csproj", "{FE7EE469-0800-4C91-BCD2-8FCD1EBBB9BC}"
EndProject
Project("{FAE04EC0-301F-11D3-BF4B-00C04F79EFBC}") = "BusinessLayer", "EmployeeBusinessLayer\BusinessLayer.csproj", "{6E5E5D2A-9DF9-4C0F-825A-B888AC419378}"
EndProject
Global
	GlobalSection(SolutionConfigurationPlatforms) = preSolution
		Debug|Any CPU = Debug|Any CPU
		Release|Any CPU = Release|Any CPU
	EndGlobalSection
	GlobalSection(ProjectConfigurationPlatforms) = postSolution
		{FE7EE469-0800-4C91-BCD2-8FCD1EBBB9BC}.Debug|Any CPU.ActiveCfg = Debug|Any CPU
		{FE7EE469-0800-4C91-BCD2-8FCD1EBBB9BC}.Debug|Any CPU.Build.0 = Debug|Any CPU
		{FE7EE469-0800-4C91-BCD2-8FCD1EBBB9BC}.Release|Any CPU.ActiveCfg = Release|Any CPU
		{FE7EE469-0800-4C91-BCD2-8FCD1EBBB9BC}.Release|Any CPU.Build.0 = Release|Any CPU
		{6E5E5D2A-9DF9-4C0F-825A-B888AC419378}.Debug|Any CPU.ActiveCfg = Debug|Any CPU
		{6E5E5D2A-9DF9-4C0F-825A-B888AC419378}.Debug|Any CPU.Build.0 = Debug|Any CPU
		{6E5E5D2A-9DF9-4C0F-825A-B888AC419378}.Release|Any CPU.ActiveCfg = Release|Any CPU
		{6E5E5D2A-9DF9-4C0F-825A-B888AC419378}.Release|Any CPU.Build.0 = Release|Any CPU
	EndGlobalSection
	GlobalSection(SolutionProperties) = preSolution
		HideSolutionNode = FALSE
	EndGlobalSection
EndGlobal
